
Microsoft Visual Studio Solution File, Format Version 12.00
# Visual Studio Version 17
VisualStudioVersion = 17.6.33801.468
MinimumVisualStudioVersion = 10.0.40219.1
Project("{FAE04EC0-301F-11D3-BF4B-00C04F79EFBC}") = "PokemonSegundoTeste", "PokemonSegundoTeste\PokemonSegundoTeste.csproj", "{2A36B8E3-D00C-430D-A096-45110E98662E}"
EndProject
Global
	GlobalSection(SolutionConfigurationPlatforms) = preSolution
		Debug|Any CPU = Debug|Any CPU
		Release|Any CPU = Release|Any CPU
	EndGlobalSection
	GlobalSection(ProjectConfigurationPlatforms) = postSolution
		{2A36B8E3-D00C-430D-A096-45110E98662E}.Debug|Any CPU.ActiveCfg = Debug|Any CPU
		{2A36B8E3-D00C-430D-A096-45110E98662E}.Debug|Any CPU.Build.0 = Debug|Any CPU
		{2A36B8E3-D00C-430D-A096-45110E98662E}.Release|Any CPU.ActiveCfg = Release|Any CPU
		{2A36B8E3-D00C-430D-A096-45110E98662E}.Release|Any CPU.Build.0 = Release|Any CPU
	EndGlobalSection
	GlobalSection(SolutionProperties) = preSolution
		HideSolutionNode = FALSE
	EndGlobalSection
	GlobalSection(ExtensibilityGlobals) = postSolution
		SolutionGuid = {0EEB3142-BEA3-4FE1-96FB-BD7D76DF67B3}
	EndGlobalSection
EndGlobal
